
Microsoft Visual Studio Solution File, Format Version 12.00
# Visual Studio Version 17
VisualStudioVersion = 17.11.35312.102
MinimumVisualStudioVersion = 10.0.40219.1
Project("{FAE04EC0-301F-11D3-BF4B-00C04F79EFBC}") = "ismetles-stb", "ismetles-stb\ismetles-stb.csproj", "{19A2225F-64FC-4AE9-B51D-07B9BC1B4E79}"
EndProject
Global
	GlobalSection(SolutionConfigurationPlatforms) = preSolution
		Debug|Any CPU = Debug|Any CPU
		Release|Any CPU = Release|Any CPU
	EndGlobalSection
	GlobalSection(ProjectConfigurationPlatforms) = postSolution
		{19A2225F-64FC-4AE9-B51D-07B9BC1B4E79}.Debug|Any CPU.ActiveCfg = Debug|Any CPU
		{19A2225F-64FC-4AE9-B51D-07B9BC1B4E79}.Debug|Any CPU.Build.0 = Debug|Any CPU
		{19A2225F-64FC-4AE9-B51D-07B9BC1B4E79}.Release|Any CPU.ActiveCfg = Release|Any CPU
		{19A2225F-64FC-4AE9-B51D-07B9BC1B4E79}.Release|Any CPU.Build.0 = Release|Any CPU
	EndGlobalSection
	GlobalSection(SolutionProperties) = preSolution
		HideSolutionNode = FALSE
	EndGlobalSection
	GlobalSection(ExtensibilityGlobals) = postSolution
		SolutionGuid = {B1EDF14F-091B-4A66-9AA9-6882CDFB449C}
	EndGlobalSection
EndGlobal
