
Microsoft Visual Studio Solution File, Format Version 12.00
# Visual Studio Version 17
VisualStudioVersion = 17.14.36705.20 d17.14
MinimumVisualStudioVersion = 10.0.40219.1
Project("{8BC9CEB8-8B4A-11D0-8D11-00A0C91BC942}") = "c1205", "c1205\c1205.vcxproj", "{1588261A-22B1-4443-92F5-480CDB81CB00}"
EndProject
Global
	GlobalSection(SolutionConfigurationPlatforms) = preSolution
		Debug|x64 = Debug|x64
		Debug|x86 = Debug|x86
		Release|x64 = Release|x64
		Release|x86 = Release|x86
	EndGlobalSection
	GlobalSection(ProjectConfigurationPlatforms) = postSolution
		{1588261A-22B1-4443-92F5-480CDB81CB00}.Debug|x64.ActiveCfg = Debug|x64
		{1588261A-22B1-4443-92F5-480CDB81CB00}.Debug|x64.Build.0 = Debug|x64
		{1588261A-22B1-4443-92F5-480CDB81CB00}.Debug|x86.ActiveCfg = Debug|Win32
		{1588261A-22B1-4443-92F5-480CDB81CB00}.Debug|x86.Build.0 = Debug|Win32
		{1588261A-22B1-4443-92F5-480CDB81CB00}.Release|x64.ActiveCfg = Release|x64
		{1588261A-22B1-4443-92F5-480CDB81CB00}.Release|x64.Build.0 = Release|x64
		{1588261A-22B1-4443-92F5-480CDB81CB00}.Release|x86.ActiveCfg = Release|Win32
		{1588261A-22B1-4443-92F5-480CDB81CB00}.Release|x86.Build.0 = Release|Win32
	EndGlobalSection
	GlobalSection(SolutionProperties) = preSolution
		HideSolutionNode = FALSE
	EndGlobalSection
	GlobalSection(ExtensibilityGlobals) = postSolution
		SolutionGuid = {25788DBF-8655-4780-B253-2680D94849D3}
	EndGlobalSection
EndGlobal
