
Microsoft Visual Studio Solution File, Format Version 12.00
# Visual Studio Version 17
VisualStudioVersion = 17.11.35312.102
MinimumVisualStudioVersion = 10.0.40219.1
Project("{FAE04EC0-301F-11D3-BF4B-00C04F79EFBC}") = "20250122-pilotak-dani", "20250122-pilotak-dani\20250122-pilotak-dani.csproj", "{602B958C-08D2-48CE-8234-459B0B09E1A3}"
EndProject
Global
	GlobalSection(SolutionConfigurationPlatforms) = preSolution
		Debug|Any CPU = Debug|Any CPU
		Release|Any CPU = Release|Any CPU
	EndGlobalSection
	GlobalSection(ProjectConfigurationPlatforms) = postSolution
		{602B958C-08D2-48CE-8234-459B0B09E1A3}.Debug|Any CPU.ActiveCfg = Debug|Any CPU
		{602B958C-08D2-48CE-8234-459B0B09E1A3}.Debug|Any CPU.Build.0 = Debug|Any CPU
		{602B958C-08D2-48CE-8234-459B0B09E1A3}.Release|Any CPU.ActiveCfg = Release|Any CPU
		{602B958C-08D2-48CE-8234-459B0B09E1A3}.Release|Any CPU.Build.0 = Release|Any CPU
	EndGlobalSection
	GlobalSection(SolutionProperties) = preSolution
		HideSolutionNode = FALSE
	EndGlobalSection
	GlobalSection(ExtensibilityGlobals) = postSolution
		SolutionGuid = {A2192464-77AF-4F20-889F-4A8617BBBCF6}
	EndGlobalSection
EndGlobal
