
Microsoft Visual Studio Solution File, Format Version 12.00
# Visual Studio Version 17
VisualStudioVersion = 17.11.35312.102
MinimumVisualStudioVersion = 10.0.40219.1
Project("{FAE04EC0-301F-11D3-BF4B-00C04F79EFBC}") = "20250312-MORZE", "20250312-MORZE\20250312-MORZE.csproj", "{B9A9F9F4-FA12-48E8-B7D3-F2FD33721E12}"
EndProject
Global
	GlobalSection(SolutionConfigurationPlatforms) = preSolution
		Debug|Any CPU = Debug|Any CPU
		Release|Any CPU = Release|Any CPU
	EndGlobalSection
	GlobalSection(ProjectConfigurationPlatforms) = postSolution
		{B9A9F9F4-FA12-48E8-B7D3-F2FD33721E12}.Debug|Any CPU.ActiveCfg = Debug|Any CPU
		{B9A9F9F4-FA12-48E8-B7D3-F2FD33721E12}.Debug|Any CPU.Build.0 = Debug|Any CPU
		{B9A9F9F4-FA12-48E8-B7D3-F2FD33721E12}.Release|Any CPU.ActiveCfg = Release|Any CPU
		{B9A9F9F4-FA12-48E8-B7D3-F2FD33721E12}.Release|Any CPU.Build.0 = Release|Any CPU
	EndGlobalSection
	GlobalSection(SolutionProperties) = preSolution
		HideSolutionNode = FALSE
	EndGlobalSection
	GlobalSection(ExtensibilityGlobals) = postSolution
		SolutionGuid = {D870E390-41EB-4D5E-8C92-D2ACCE4BC19B}
	EndGlobalSection
EndGlobal
