
Microsoft Visual Studio Solution File, Format Version 12.00
# Visual Studio Version 17
VisualStudioVersion = 17.12.35728.132 d17.12
MinimumVisualStudioVersion = 10.0.40219.1
Project("{FAE04EC0-301F-11D3-BF4B-00C04F79EFBC}") = "Tobbablakos_Erthetobben", "Tobbablakos_Erthetobben.csproj", "{DE284A18-C614-4B0F-ACA8-7BEF9B44B6F5}"
EndProject
Global
	GlobalSection(SolutionConfigurationPlatforms) = preSolution
		Debug|Any CPU = Debug|Any CPU
		Release|Any CPU = Release|Any CPU
	EndGlobalSection
	GlobalSection(ProjectConfigurationPlatforms) = postSolution
		{DE284A18-C614-4B0F-ACA8-7BEF9B44B6F5}.Debug|Any CPU.ActiveCfg = Debug|Any CPU
		{DE284A18-C614-4B0F-ACA8-7BEF9B44B6F5}.Debug|Any CPU.Build.0 = Debug|Any CPU
		{DE284A18-C614-4B0F-ACA8-7BEF9B44B6F5}.Release|Any CPU.ActiveCfg = Release|Any CPU
		{DE284A18-C614-4B0F-ACA8-7BEF9B44B6F5}.Release|Any CPU.Build.0 = Release|Any CPU
	EndGlobalSection
	GlobalSection(SolutionProperties) = preSolution
		HideSolutionNode = FALSE
	EndGlobalSection
EndGlobal
